
Microsoft Visual Studio Solution File, Format Version 12.00
# Visual Studio Version 17
VisualStudioVersion = 17.10.35013.160
MinimumVisualStudioVersion = 10.0.40219.1
Project("{FAE04EC0-301F-11D3-BF4B-00C04F79EFBC}") = "MSJ-Enterprises", "MSJ-Enterprises\MSJ-Enterprises.csproj", "{F90199FE-1101-4F5F-8D79-AF8F7C0E3237}"
EndProject
Global
	GlobalSection(SolutionConfigurationPlatforms) = preSolution
		Debug|Any CPU = Debug|Any CPU
		Release|Any CPU = Release|Any CPU
	EndGlobalSection
	GlobalSection(ProjectConfigurationPlatforms) = postSolution
		{F90199FE-1101-4F5F-8D79-AF8F7C0E3237}.Debug|Any CPU.ActiveCfg = Debug|Any CPU
		{F90199FE-1101-4F5F-8D79-AF8F7C0E3237}.Debug|Any CPU.Build.0 = Debug|Any CPU
		{F90199FE-1101-4F5F-8D79-AF8F7C0E3237}.Release|Any CPU.ActiveCfg = Release|Any CPU
		{F90199FE-1101-4F5F-8D79-AF8F7C0E3237}.Release|Any CPU.Build.0 = Release|Any CPU
	EndGlobalSection
	GlobalSection(SolutionProperties) = preSolution
		HideSolutionNode = FALSE
	EndGlobalSection
	GlobalSection(ExtensibilityGlobals) = postSolution
		SolutionGuid = {6DEA0A70-0FD3-4CCD-BB87-66223F5FF033}
	EndGlobalSection
EndGlobal
